// !$*UTF8*$!
{
	archiveVersion = 1;
	classes = {
	};
	objectVersion = 46;
	objects = {

/* Begin PBXBuildFile section */
		AB3766DA1C5D5EAE007C8D08 /* main.m in Sources */ = {isa = PBXBuildFile; fileRef = AB3766D91C5D5EAE007C8D08 /* main.m */; };
		AB3766DD1C5D5EAE007C8D08 /* AppDelegate.m in Sources */ = {isa = PBXBuildFile; fileRef = AB3766DC1C5D5EAE007C8D08 /* AppDelegate.m */; };
		AB3766E31C5D5EAE007C8D08 /* Main.storyboard in Resources */ = {isa = PBXBuildFile; fileRef = AB3766E11C5D5EAE007C8D08 /* Main.storyboard */; };
		AB3766E51C5D5EAE007C8D08 /* Assets.xcassets in Resources */ = {isa = PBXBuildFile; fileRef = AB3766E41C5D5EAE007C8D08 /* Assets.xcassets */; };
		AB3766E81C5D5EAE007C8D08 /* LaunchScreen.storyboard in Resources */ = {isa = PBXBuildFile; fileRef = AB3766E61C5D5EAE007C8D08 /* LaunchScreen.storyboard */; };
		AB3766F31C5D5EAE007C8D08 /* CollectionViewPractice2Tests.m in Sources */ = {isa = PBXBuildFile; fileRef = AB3766F21C5D5EAE007C8D08 /* CollectionViewPractice2Tests.m */; };
		AB3766FE1C5D5EAE007C8D08 /* CollectionViewPractice2UITests.m in Sources */ = {isa = PBXBuildFile; fileRef = AB3766FD1C5D5EAE007C8D08 /* CollectionViewPractice2UITests.m */; };
		AB85B3851C5D60BC0000DAB1 /* GalleryCollectionViewController.m in Sources */ = {isa = PBXBuildFile; fileRef = AB85B3841C5D60BC0000DAB1 /* GalleryCollectionViewController.m */; };
		AB85B38B1C5D62940000DAB1 /* MyCustomCell.m in Sources */ = {isa = PBXBuildFile; fileRef = AB85B38A1C5D62940000DAB1 /* MyCustomCell.m */; };
		AB85B38E1C5D631C0000DAB1 /* IMG_2090.JPG in Resources */ = {isa = PBXBuildFile; fileRef = AB85B38C1C5D631C0000DAB1 /* IMG_2090.JPG */; };
		AB85B38F1C5D631C0000DAB1 /* IMG_2966.JPG in Resources */ = {isa = PBXBuildFile; fileRef = AB85B38D1C5D631C0000DAB1 /* IMG_2966.JPG */; };
		AB85B3911C5D63570000DAB1 /* P1010229.JPG in Resources */ = {isa = PBXBuildFile; fileRef = AB85B3901C5D63570000DAB1 /* P1010229.JPG */; };
		AB85B3961C5D63900000DAB1 /* photo3.jpg in Resources */ = {isa = PBXBuildFile; fileRef = AB85B3921C5D63900000DAB1 /* photo3.jpg */; };
		AB85B3971C5D63900000DAB1 /* photo4.jpg in Resources */ = {isa = PBXBuildFile; fileRef = AB85B3931C5D63900000DAB1 /* photo4.jpg */; };
		AB85B3981C5D63900000DAB1 /* photo5.jpg in Resources */ = {isa = PBXBuildFile; fileRef = AB85B3941C5D63900000DAB1 /* photo5.jpg */; };
		AB85B3991C5D63900000DAB1 /* photo6.jpg in Resources */ = {isa = PBXBuildFile; fileRef = AB85B3951C5D63900000DAB1 /* photo6.jpg */; };
		AB85B39B1C5D63BB0000DAB1 /* 12307604_10101237952496791_7131598851998776503_o.jpg in Resources */ = {isa = PBXBuildFile; fileRef = AB85B39A1C5D63BB0000DAB1 /* 12307604_10101237952496791_7131598851998776503_o.jpg */; };
		AB85B39D1C5D63CA0000DAB1 /* IMG_1317.JPG in Resources */ = {isa = PBXBuildFile; fileRef = AB85B39C1C5D63CA0000DAB1 /* IMG_1317.JPG */; };
		AB85B39F1C5D63D40000DAB1 /* IMG_2817.JPG in Resources */ = {isa = PBXBuildFile; fileRef = AB85B39E1C5D63D40000DAB1 /* IMG_2817.JPG */; };
		AB85B3A21C5D64980000DAB1 /* Photo.m in Sources */ = {isa = PBXBuildFile; fileRef = AB85B3A11C5D64980000DAB1 /* Photo.m */; };
		AB85B3A51C5D6D930000DAB1 /* DetailViewController.m in Sources */ = {isa = PBXBuildFile; fileRef = AB85B3A41C5D6D930000DAB1 /* DetailViewController.m */; };
/* End PBXBuildFile section */

/* Begin PBXContainerItemProxy section */
		AB3766EF1C5D5EAE007C8D08 /* PBXContainerItemProxy */ = {
			isa = PBXContainerItemProxy;
			containerPortal = AB3766CD1C5D5EAE007C8D08 /* Project object */;
			proxyType = 1;
			remoteGlobalIDString = AB3766D41C5D5EAE007C8D08;
			remoteInfo = CollectionViewPractice2;
		};
		AB3766FA1C5D5EAE007C8D08 /* PBXContainerItemProxy */ = {
			isa = PBXContainerItemProxy;
			containerPortal = AB3766CD1C5D5EAE007C8D08 /* Project object */;
			proxyType = 1;
			remoteGlobalIDString = AB3766D41C5D5EAE007C8D08;
			remoteInfo = CollectionViewPractice2;
		};
/* End PBXContainerItemProxy section */

/* Begin PBXFileReference section */
		AB3766D51C5D5EAE007C8D08 /* CollectionViewPractice2.app */ = {isa = PBXFileReference; explicitFileType = wrapper.application; includeInIndex = 0; path = CollectionViewPractice2.app; sourceTree = BUILT_PRODUCTS_DIR; };
		AB3766D91C5D5EAE007C8D08 /* main.m */ = {isa = PBXFileReference; lastKnownFileType = sourcecode.c.objc; path = main.m; sourceTree = "<group>"; };
		AB3766DB1C5D5EAE007C8D08 /* AppDelegate.h */ = {isa = PBXFileReference; lastKnownFileType = sourcecode.c.h; path = AppDelegate.h; sourceTree = "<group>"; };
		AB3766DC1C5D5EAE007C8D08 /* AppDelegate.m */ = {isa = PBXFileReference; lastKnownFileType = sourcecode.c.objc; path = AppDelegate.m; sourceTree = "<group>"; };
		AB3766E21C5D5EAE007C8D08 /* Base */ = {isa = PBXFileReference; lastKnownFileType = file.storyboard; name = Base; path = Base.lproj/Main.storyboard; sourceTree = "<group>"; };
		AB3766E41C5D5EAE007C8D08 /* Assets.xcassets */ = {isa = PBXFileReference; lastKnownFileType = folder.assetcatalog; path = Assets.xcassets; sourceTree = "<group>"; };
		AB3766E71C5D5EAE007C8D08 /* Base */ = {isa = PBXFileReference; lastKnownFileType = file.storyboard; name = Base; path = Base.lproj/LaunchScreen.storyboard; sourceTree = "<group>"; };
		AB3766E91C5D5EAE007C8D08 /* Info.plist */ = {isa = PBXFileReference; lastKnownFileType = text.plist.xml; path = Info.plist; sourceTree = "<group>"; };
		AB3766EE1C5D5EAE007C8D08 /* CollectionViewPractice2Tests.xctest */ = {isa = PBXFileReference; explicitFileType = wrapper.cfbundle; includeInIndex = 0; path = CollectionViewPractice2Tests.xctest; sourceTree = BUILT_PRODUCTS_DIR; };
		AB3766F21C5D5EAE007C8D08 /* CollectionViewPractice2Tests.m */ = {isa = PBXFileReference; lastKnownFileType = sourcecode.c.objc; path = CollectionViewPractice2Tests.m; sourceTree = "<group>"; };
		AB3766F41C5D5EAE007C8D08 /* Info.plist */ = {isa = PBXFileReference; lastKnownFileType = text.plist.xml; path = Info.plist; sourceTree = "<group>"; };
		AB3766F91C5D5EAE007C8D08 /* CollectionViewPractice2UITests.xctest */ = {isa = PBXFileReference; explicitFileType = wrapper.cfbundle; includeInIndex = 0; path = CollectionViewPractice2UITests.xctest; sourceTree = BUILT_PRODUCTS_DIR; };
		AB3766FD1C5D5EAE007C8D08 /* CollectionViewPractice2UITests.m */ = {isa = PBXFileReference; lastKnownFileType = sourcecode.c.objc; path = CollectionViewPractice2UITests.m; sourceTree = "<group>"; };
		AB3766FF1C5D5EAE007C8D08 /* Info.plist */ = {isa = PBXFileReference; lastKnownFileType = text.plist.xml; path = Info.plist; sourceTree = "<group>"; };
		AB85B3831C5D60BC0000DAB1 /* GalleryCollectionViewController.h */ = {isa = PBXFileReference; fileEncoding = 4; lastKnownFileType = sourcecode.c.h; name = GalleryCollectionViewController.h; path = ../GalleryCollectionViewController.h; sourceTree = "<group>"; };
		AB85B3841C5D60BC0000DAB1 /* GalleryCollectionViewController.m */ = {isa = PBXFileReference; fileEncoding = 4; lastKnownFileType = sourcecode.c.objc; name = GalleryCollectionViewController.m; path = ../GalleryCollectionViewController.m; sourceTree = "<group>"; };
		AB85B3891C5D62940000DAB1 /* MyCustomCell.h */ = {isa = PBXFileReference; fileEncoding = 4; lastKnownFileType = sourcecode.c.h; name = MyCustomCell.h; path = ../MyCustomCell.h; sourceTree = "<group>"; };
		AB85B38A1C5D62940000DAB1 /* MyCustomCell.m */ = {isa = PBXFileReference; fileEncoding = 4; lastKnownFileType = sourcecode.c.objc; name = MyCustomCell.m; path = ../MyCustomCell.m; sourceTree = "<group>"; };
		AB85B38C1C5D631C0000DAB1 /* IMG_2090.JPG */ = {isa = PBXFileReference; lastKnownFileType = image.jpeg; path = IMG_2090.JPG; sourceTree = "<group>"; };
		AB85B38D1C5D631C0000DAB1 /* IMG_2966.JPG */ = {isa = PBXFileReference; lastKnownFileType = image.jpeg; path = IMG_2966.JPG; sourceTree = "<group>"; };
		AB85B3901C5D63570000DAB1 /* P1010229.JPG */ = {isa = PBXFileReference; lastKnownFileType = image.jpeg; path = P1010229.JPG; sourceTree = "<group>"; };
		AB85B3921C5D63900000DAB1 /* photo3.jpg */ = {isa = PBXFileReference; lastKnownFileType = image.jpeg; path = photo3.jpg; sourceTree = "<group>"; };
		AB85B3931C5D63900000DAB1 /* photo4.jpg */ = {isa = PBXFileReference; lastKnownFileType = image.jpeg; path = photo4.jpg; sourceTree = "<group>"; };
		AB85B3941C5D63900000DAB1 /* photo5.jpg */ = {isa = PBXFileReference; lastKnownFileType = image.jpeg; path = photo5.jpg; sourceTree = "<group>"; };
		AB85B3951C5D63900000DAB1 /* photo6.jpg */ = {isa = PBXFileReference; lastKnownFileType = image.jpeg; path = photo6.jpg; sourceTree = "<group>"; };
		AB85B39A1C5D63BB0000DAB1 /* 12307604_10101237952496791_7131598851998776503_o.jpg */ = {isa = PBXFileReference; lastKnownFileType = image.jpeg; path = 12307604_10101237952496791_7131598851998776503_o.jpg; sourceTree = "<group>"; };
		AB85B39C1C5D63CA0000DAB1 /* IMG_1317.JPG */ = {isa = PBXFileReference; lastKnownFileType = image.jpeg; path = IMG_1317.JPG; sourceTree = "<group>"; };
		AB85B39E1C5D63D40000DAB1 /* IMG_2817.JPG */ = {isa = PBXFileReference; lastKnownFileType = image.jpeg; path = IMG_2817.JPG; sourceTree = "<group>"; };
		AB85B3A01C5D64980000DAB1 /* Photo.h */ = {isa = PBXFileReference; fileEncoding = 4; lastKnownFileType = sourcecode.c.h; path = Photo.h; sourceTree = "<group>"; };
		AB85B3A11C5D64980000DAB1 /* Photo.m */ = {isa = PBXFileReference; fileEncoding = 4; lastKnownFileType = sourcecode.c.objc; path = Photo.m; sourceTree = "<group>"; };
		AB85B3A31C5D6D930000DAB1 /* DetailViewController.h */ = {isa = PBXFileReference; fileEncoding = 4; lastKnownFileType = sourcecode.c.h; path = DetailViewController.h; sourceTree = "<group>"; };
		AB85B3A41C5D6D930000DAB1 /* DetailViewController.m */ = {isa = PBXFileReference; fileEncoding = 4; lastKnownFileType = sourcecode.c.objc; path = DetailViewController.m; sourceTree = "<group>"; };
/* End PBXFileReference section */

/* Begin PBXFrameworksBuildPhase section */
		AB3766D21C5D5EAE007C8D08 /* Frameworks */ = {
			isa = PBXFrameworksBuildPhase;
			buildActionMask = 2147483647;
			files = (
			);
			runOnlyForDeploymentPostprocessing = 0;
		};
		AB3766EB1C5D5EAE007C8D08 /* Frameworks */ = {
			isa = PBXFrameworksBuildPhase;
			buildActionMask = 2147483647;
			files = (
			);
			runOnlyForDeploymentPostprocessing = 0;
		};
		AB3766F61C5D5EAE007C8D08 /* Frameworks */ = {
			isa = PBXFrameworksBuildPhase;
			buildActionMask = 2147483647;
			files = (
			);
			runOnlyForDeploymentPostprocessing = 0;
		};
/* End PBXFrameworksBuildPhase section */

/* Begin PBXGroup section */
		AB3766CC1C5D5EAE007C8D08 = {
			isa = PBXGroup;
			children = (
				AB3766D71C5D5EAE007C8D08 /* CollectionViewPractice2 */,
				AB3766F11C5D5EAE007C8D08 /* CollectionViewPractice2Tests */,
				AB3766FC1C5D5EAE007C8D08 /* CollectionViewPractice2UITests */,
				AB3766D61C5D5EAE007C8D08 /* Products */,
			);
			sourceTree = "<group>";
		};
		AB3766D61C5D5EAE007C8D08 /* Products */ = {
			isa = PBXGroup;
			children = (
				AB3766D51C5D5EAE007C8D08 /* CollectionViewPractice2.app */,
				AB3766EE1C5D5EAE007C8D08 /* CollectionViewPractice2Tests.xctest */,
				AB3766F91C5D5EAE007C8D08 /* CollectionViewPractice2UITests.xctest */,
			);
			name = Products;
			sourceTree = "<group>";
		};
		AB3766D71C5D5EAE007C8D08 /* CollectionViewPractice2 */ = {
			isa = PBXGroup;
			children = (
				AB3766DB1C5D5EAE007C8D08 /* AppDelegate.h */,
				AB3766DC1C5D5EAE007C8D08 /* AppDelegate.m */,
				AB85B3831C5D60BC0000DAB1 /* GalleryCollectionViewController.h */,
				AB85B3841C5D60BC0000DAB1 /* GalleryCollectionViewController.m */,
				AB85B3891C5D62940000DAB1 /* MyCustomCell.h */,
				AB85B38A1C5D62940000DAB1 /* MyCustomCell.m */,
				AB85B3A01C5D64980000DAB1 /* Photo.h */,
				AB85B3A11C5D64980000DAB1 /* Photo.m */,
				AB3766E11C5D5EAE007C8D08 /* Main.storyboard */,
				AB85B3A31C5D6D930000DAB1 /* DetailViewController.h */,
				AB85B3A41C5D6D930000DAB1 /* DetailViewController.m */,
				AB3766E41C5D5EAE007C8D08 /* Assets.xcassets */,
				AB85B39E1C5D63D40000DAB1 /* IMG_2817.JPG */,
				AB85B39C1C5D63CA0000DAB1 /* IMG_1317.JPG */,
				AB85B39A1C5D63BB0000DAB1 /* 12307604_10101237952496791_7131598851998776503_o.jpg */,
				AB85B3921C5D63900000DAB1 /* photo3.jpg */,
				AB85B3931C5D63900000DAB1 /* photo4.jpg */,
				AB85B3941C5D63900000DAB1 /* photo5.jpg */,
				AB85B3951C5D63900000DAB1 /* photo6.jpg */,
				AB85B3901C5D63570000DAB1 /* P1010229.JPG */,
				AB85B38C1C5D631C0000DAB1 /* IMG_2090.JPG */,
				AB85B38D1C5D631C0000DAB1 /* IMG_2966.JPG */,
				AB3766E61C5D5EAE007C8D08 /* LaunchScreen.storyboard */,
				AB3766E91C5D5EAE007C8D08 /* Info.plist */,
				AB3766D81C5D5EAE007C8D08 /* Supporting Files */,
			);
			path = CollectionViewPractice2;
			sourceTree = "<group>";
		};
		AB3766D81C5D5EAE007C8D08 /* Supporting Files */ = {
			isa = PBXGroup;
			children = (
				AB3766D91C5D5EAE007C8D08 /* main.m */,
			);
			name = "Supporting Files";
			sourceTree = "<group>";
		};
		AB3766F11C5D5EAE007C8D08 /* CollectionViewPractice2Tests */ = {
			isa = PBXGroup;
			children = (
				AB3766F21C5D5EAE007C8D08 /* CollectionViewPractice2Tests.m */,
				AB3766F41C5D5EAE007C8D08 /* Info.plist */,
			);
			path = CollectionViewPractice2Tests;
			sourceTree = "<group>";
		};
		AB3766FC1C5D5EAE007C8D08 /* CollectionViewPractice2UITests */ = {
			isa = PBXGroup;
			children = (
				AB3766FD1C5D5EAE007C8D08 /* CollectionViewPractice2UITests.m */,
				AB3766FF1C5D5EAE007C8D08 /* Info.plist */,
			);
			path = CollectionViewPractice2UITests;
			sourceTree = "<group>";
		};
/* End PBXGroup section */

/* Begin PBXNativeTarget section */
		AB3766D41C5D5EAE007C8D08 /* CollectionViewPractice2 */ = {
			isa = PBXNativeTarget;
			buildConfigurationList = AB3767021C5D5EAE007C8D08 /* Build configuration list for PBXNativeTarget "CollectionViewPractice2" */;
			buildPhases = (
				AB3766D11C5D5EAE007C8D08 /* Sources */,
				AB3766D21C5D5EAE007C8D08 /* Frameworks */,
				AB3766D31C5D5EAE007C8D08 /* Resources */,
			);
			buildRules = (
			);
			dependencies = (
			);
			name = CollectionViewPractice2;
			productName = CollectionViewPractice2;
			productReference = AB3766D51C5D5EAE007C8D08 /* CollectionViewPractice2.app */;
			productType = "com.apple.product-type.application";
		};
		AB3766ED1C5D5EAE007C8D08 /* CollectionViewPractice2Tests */ = {
			isa = PBXNativeTarget;
			buildConfigurationList = AB3767051C5D5EAE007C8D08 /* Build configuration list for PBXNativeTarget "CollectionViewPractice2Tests" */;
			buildPhases = (
				AB3766EA1C5D5EAE007C8D08 /* Sources */,
				AB3766EB1C5D5EAE007C8D08 /* Frameworks */,
				AB3766EC1C5D5EAE007C8D08 /* Resources */,
			);
			buildRules = (
			);
			dependencies = (
				AB3766F01C5D5EAE007C8D08 /* PBXTargetDependency */,
			);
			name = CollectionViewPractice2Tests;
			productName = CollectionViewPractice2Tests;
			productReference = AB3766EE1C5D5EAE007C8D08 /* CollectionViewPractice2Tests.xctest */;
			productType = "com.apple.product-type.bundle.unit-test";
		};
		AB3766F81C5D5EAE007C8D08 /* CollectionViewPractice2UITests */ = {
			isa = PBXNativeTarget;
			buildConfigurationList = AB3767081C5D5EAE007C8D08 /* Build configuration list for PBXNativeTarget "CollectionViewPractice2UITests" */;
			buildPhases = (
				AB3766F51C5D5EAE007C8D08 /* Sources */,
				AB3766F61C5D5EAE007C8D08 /* Frameworks */,
				AB3766F71C5D5EAE007C8D08 /* Resources */,
			);
			buildRules = (
			);
			dependencies = (
				AB3766FB1C5D5EAE007C8D08 /* PBXTargetDependency */,
			);
			name = CollectionViewPractice2UITests;
			productName = CollectionViewPractice2UITests;
			productReference = AB3766F91C5D5EAE007C8D08 /* CollectionViewPractice2UITests.xctest */;
			productType = "com.apple.product-type.bundle.ui-testing";
		};
/* End PBXNativeTarget section */

/* Begin PBXProject section */
		AB3766CD1C5D5EAE007C8D08 /* Project object */ = {
			isa = PBXProject;
			attributes = {
				LastUpgradeCheck = 0720;
				ORGANIZATIONNAME = "Kerry Toonen";
				TargetAttributes = {
					AB3766D41C5D5EAE007C8D08 = {
						CreatedOnToolsVersion = 7.2;
						DevelopmentTeam = 9QSWA6BJVQ;
					};
					AB3766ED1C5D5EAE007C8D08 = {
						CreatedOnToolsVersion = 7.2;
						DevelopmentTeam = 9QSWA6BJVQ;
						TestTargetID = AB3766D41C5D5EAE007C8D08;
					};
					AB3766F81C5D5EAE007C8D08 = {
						CreatedOnToolsVersion = 7.2;
						DevelopmentTeam = 9QSWA6BJVQ;
						TestTargetID = AB3766D41C5D5EAE007C8D08;
					};
				};
			};
			buildConfigurationList = AB3766D01C5D5EAE007C8D08 /* Build configuration list for PBXProject "CollectionViewPractice2" */;
			compatibilityVersion = "Xcode 3.2";
			developmentRegion = English;
			hasScannedForEncodings = 0;
			knownRegions = (
				en,
				Base,
			);
			mainGroup = AB3766CC1C5D5EAE007C8D08;
			productRefGroup = AB3766D61C5D5EAE007C8D08 /* Products */;
			projectDirPath = "";
			projectRoot = "";
			targets = (
				AB3766D41C5D5EAE007C8D08 /* CollectionViewPractice2 */,
				AB3766ED1C5D5EAE007C8D08 /* CollectionViewPractice2Tests */,
				AB3766F81C5D5EAE007C8D08 /* CollectionViewPractice2UITests */,
			);
		};
/* End PBXProject section */

/* Begin PBXResourcesBuildPhase section */
		AB3766D31C5D5EAE007C8D08 /* Resources */ = {
			isa = PBXResourcesBuildPhase;
			buildActionMask = 2147483647;
			files = (
				AB85B39F1C5D63D40000DAB1 /* IMG_2817.JPG in Resources */,
				AB85B3911C5D63570000DAB1 /* P1010229.JPG in Resources */,
				AB85B3961C5D63900000DAB1 /* photo3.jpg in Resources */,
				AB3766E81C5D5EAE007C8D08 /* LaunchScreen.storyboard in Resources */,
				AB85B39D1C5D63CA0000DAB1 /* IMG_1317.JPG in Resources */,
				AB3766E51C5D5EAE007C8D08 /* Assets.xcassets in Resources */,
				AB85B3981C5D63900000DAB1 /* photo5.jpg in Resources */,
				AB85B39B1C5D63BB0000DAB1 /* 12307604_10101237952496791_7131598851998776503_o.jpg in Resources */,
				AB85B3991C5D63900000DAB1 /* photo6.jpg in Resources */,
				AB85B38F1C5D631C0000DAB1 /* IMG_2966.JPG in Resources */,
				AB85B38E1C5D631C0000DAB1 /* IMG_2090.JPG in Resources */,
				AB3766E31C5D5EAE007C8D08 /* Main.storyboard in Resources */,
				AB85B3971C5D63900000DAB1 /* photo4.jpg in Resources */,
			);
			runOnlyForDeploymentPostprocessing = 0;
		};
		AB3766EC1C5D5EAE007C8D08 /* Resources */ = {
			isa = PBXResourcesBuildPhase;
			buildActionMask = 2147483647;
			files = (
			);
			runOnlyForDeploymentPostprocessing = 0;
		};
		AB3766F71C5D5EAE007C8D08 /* Resources */ = {
			isa = PBXResourcesBuildPhase;
			buildActionMask = 2147483647;
			files = (
			);
			runOnlyForDeploymentPostprocessing = 0;
		};
/* End PBXResourcesBuildPhase section */

/* Begin PBXSourcesBuildPhase section */
		AB3766D11C5D5EAE007C8D08 /* Sources */ = {
			isa = PBXSourcesBuildPhase;
			buildActionMask = 2147483647;
			files = (
				AB85B3A21C5D64980000DAB1 /* Photo.m in Sources */,
				AB85B3851C5D60BC0000DAB1 /* GalleryCollectionViewController.m in Sources */,
				AB3766DD1C5D5EAE007C8D08 /* AppDelegate.m in Sources */,
				AB85B38B1C5D62940000DAB1 /* MyCustomCell.m in Sources */,
				AB3766DA1C5D5EAE007C8D08 /* main.m in Sources */,
				AB85B3A51C5D6D930000DAB1 /* DetailViewController.m in Sources */,
			);
			runOnlyForDeploymentPostprocessing = 0;
		};
		AB3766EA1C5D5EAE007C8D08 /* Sources */ = {
			isa = PBXSourcesBuildPhase;
			buildActionMask = 2147483647;
			files = (
				AB3766F31C5D5EAE007C8D08 /* CollectionViewPractice2Tests.m in Sources */,
			);
			runOnlyForDeploymentPostprocessing = 0;
		};
		AB3766F51C5D5EAE007C8D08 /* Sources */ = {
			isa = PBXSourcesBuildPhase;
			buildActionMask = 2147483647;
			files = (
				AB3766FE1C5D5EAE007C8D08 /* CollectionViewPractice2UITests.m in Sources */,
			);
			runOnlyForDeploymentPostprocessing = 0;
		};
/* End PBXSourcesBuildPhase section */

/* Begin PBXTargetDependency section */
		AB3766F01C5D5EAE007C8D08 /* PBXTargetDependency */ = {
			isa = PBXTargetDependency;
			target = AB3766D41C5D5EAE007C8D08 /* CollectionViewPractice2 */;
			targetProxy = AB3766EF1C5D5EAE007C8D08 /* PBXContainerItemProxy */;
		};
		AB3766FB1C5D5EAE007C8D08 /* PBXTargetDependency */ = {
			isa = PBXTargetDependency;
			target = AB3766D41C5D5EAE007C8D08 /* CollectionViewPractice2 */;
			targetProxy = AB3766FA1C5D5EAE007C8D08 /* PBXContainerItemProxy */;
		};
/* End PBXTargetDependency section */

/* Begin PBXVariantGroup section */
		AB3766E11C5D5EAE007C8D08 /* Main.storyboard */ = {
			isa = PBXVariantGroup;
			children = (
				AB3766E21C5D5EAE007C8D08 /* Base */,
			);
			name = Main.storyboard;
			sourceTree = "<group>";
		};
		AB3766E61C5D5EAE007C8D08 /* LaunchScreen.storyboard */ = {
			isa = PBXVariantGroup;
			children = (
				AB3766E71C5D5EAE007C8D08 /* Base */,
			);
			name = LaunchScreen.storyboard;
			sourceTree = "<group>";
		};
/* End PBXVariantGroup section */

/* Begin XCBuildConfiguration section */
		AB3767001C5D5EAE007C8D08 /* Debug */ = {
			isa = XCBuildConfiguration;
			buildSettings = {
				ALWAYS_SEARCH_USER_PATHS = NO;
				CLANG_CXX_LANGUAGE_STANDARD = "gnu++0x";
				CLANG_CXX_LIBRARY = "libc++";
				CLANG_ENABLE_MODULES = YES;
				CLANG_ENABLE_OBJC_ARC = YES;
				CLANG_WARN_BOOL_CONVERSION = YES;
				CLANG_WARN_CONSTANT_CONVERSION = YES;
				CLANG_WARN_DIRECT_OBJC_ISA_USAGE = YES_ERROR;
				CLANG_WARN_EMPTY_BODY = YES;
				CLANG_WARN_ENUM_CONVERSION = YES;
				CLANG_WARN_INT_CONVERSION = YES;
				CLANG_WARN_OBJC_ROOT_CLASS = YES_ERROR;
				CLANG_WARN_UNREACHABLE_CODE = YES;
				CLANG_WARN__DUPLICATE_METHOD_MATCH = YES;
				"CODE_SIGN_IDENTITY[sdk=iphoneos*]" = "iPhone Developer";
				COPY_PHASE_STRIP = NO;
				DEBUG_INFORMATION_FORMAT = dwarf;
				ENABLE_STRICT_OBJC_MSGSEND = YES;
				ENABLE_TESTABILITY = YES;
				GCC_C_LANGUAGE_STANDARD = gnu99;
				GCC_DYNAMIC_NO_PIC = NO;
				GCC_NO_COMMON_BLOCKS = YES;
				GCC_OPTIMIZATION_LEVEL = 0;
				GCC_PREPROCESSOR_DEFINITIONS = (
					"DEBUG=1",
					"$(inherited)",
				);
				GCC_WARN_64_TO_32_BIT_CONVERSION = YES;
				GCC_WARN_ABOUT_RETURN_TYPE = YES_ERROR;
				GCC_WARN_UNDECLARED_SELECTOR = YES;
				GCC_WARN_UNINITIALIZED_AUTOS = YES_AGGRESSIVE;
				GCC_WARN_UNUSED_FUNCTION = YES;
				GCC_WARN_UNUSED_VARIABLE = YES;
				IPHONEOS_DEPLOYMENT_TARGET = 9.2;
				MTL_ENABLE_DEBUG_INFO = YES;
				ONLY_ACTIVE_ARCH = YES;
				SDKROOT = iphoneos;
			};
			name = Debug;
		};
		AB3767011C5D5EAE007C8D08 /* Release */ = {
			isa = XCBuildConfiguration;
			buildSettings = {
				ALWAYS_SEARCH_USER_PATHS = NO;
				CLANG_CXX_LANGUAGE_STANDARD = "gnu++0x";
				CLANG_CXX_LIBRARY = "libc++";
				CLANG_ENABLE_MODULES = YES;
				CLANG_ENABLE_OBJC_ARC = YES;
				CLANG_WARN_BOOL_CONVERSION = YES;
				CLANG_WARN_CONSTANT_CONVERSION = YES;
				CLANG_WARN_DIRECT_OBJC_ISA_USAGE = YES_ERROR;
				CLANG_WARN_EMPTY_BODY = YES;
				CLANG_WARN_ENUM_CONVERSION = YES;
				CLANG_WARN_INT_CONVERSION = YES;
				CLANG_WARN_OBJC_ROOT_CLASS = YES_ERROR;
				CLANG_WARN_UNREACHABLE_CODE = YES;
				CLANG_WARN__DUPLICATE_METHOD_MATCH = YES;
				"CODE_SIGN_IDENTITY[sdk=iphoneos*]" = "iPhone Developer";
				COPY_PHASE_STRIP = NO;
				DEBUG_INFORMATION_FORMAT = "dwarf-with-dsym";
				ENABLE_NS_ASSERTIONS = NO;
				ENABLE_STRICT_OBJC_MSGSEND = YES;
				GCC_C_LANGUAGE_STANDARD = gnu99;
				GCC_NO_COMMON_BLOCKS = YES;
				GCC_WARN_64_TO_32_BIT_CONVERSION = YES;
				GCC_WARN_ABOUT_RETURN_TYPE = YES_ERROR;
				GCC_WARN_UNDECLARED_SELECTOR = YES;
				GCC_WARN_UNINITIALIZED_AUTOS = YES_AGGRESSIVE;
				GCC_WARN_UNUSED_FUNCTION = YES;
				GCC_WARN_UNUSED_VARIABLE = YES;
				IPHONEOS_DEPLOYMENT_TARGET = 9.2;
				MTL_ENABLE_DEBUG_INFO = NO;
				SDKROOT = iphoneos;
				VALIDATE_PRODUCT = YES;
			};
			name = Release;
		};
		AB3767031C5D5EAE007C8D08 /* Debug */ = {
			isa = XCBuildConfiguration;
			buildSettings = {
				ASSETCATALOG_COMPILER_APPICON_NAME = AppIcon;
				INFOPLIST_FILE = CollectionViewPractice2/Info.plist;
				LD_RUNPATH_SEARCH_PATHS = "$(inherited) @executable_path/Frameworks";
				PRODUCT_BUNDLE_IDENTIFIER = kerrytoonen.CollectionViewPractice2;
				PRODUCT_NAME = "$(TARGET_NAME)";
			};
			name = Debug;
		};
		AB3767041C5D5EAE007C8D08 /* Release */ = {
			isa = XCBuildConfiguration;
			buildSettings = {
				ASSETCATALOG_COMPILER_APPICON_NAME = AppIcon;
				INFOPLIST_FILE = CollectionViewPractice2/Info.plist;
				LD_RUNPATH_SEARCH_PATHS = "$(inherited) @executable_path/Frameworks";
				PRODUCT_BUNDLE_IDENTIFIER = kerrytoonen.CollectionViewPractice2;
				PRODUCT_NAME = "$(TARGET_NAME)";
			};
			name = Release;
		};
		AB3767061C5D5EAE007C8D08 /* Debug */ = {
			isa = XCBuildConfiguration;
			buildSettings = {
				BUNDLE_LOADER = "$(TEST_HOST)";
				INFOPLIST_FILE = CollectionViewPractice2Tests/Info.plist;
				LD_RUNPATH_SEARCH_PATHS = "$(inherited) @executable_path/Frameworks @loader_path/Frameworks";
				PRODUCT_BUNDLE_IDENTIFIER = kerrytoonen.CollectionViewPractice2Tests;
				PRODUCT_NAME = "$(TARGET_NAME)";
				TEST_HOST = "$(BUILT_PRODUCTS_DIR)/CollectionViewPractice2.app/CollectionViewPractice2";
			};
			name = Debug;
		};
		AB3767071C5D5EAE007C8D08 /* Release */ = {
			isa = XCBuildConfiguration;
			buildSettings = {
				BUNDLE_LOADER = "$(TEST_HOST)";
				INFOPLIST_FILE = CollectionViewPractice2Tests/Info.plist;
				LD_RUNPATH_SEARCH_PATHS = "$(inherited) @executable_path/Frameworks @loader_path/Frameworks";
				PRODUCT_BUNDLE_IDENTIFIER = kerrytoonen.CollectionViewPractice2Tests;
				PRODUCT_NAME = "$(TARGET_NAME)";
				TEST_HOST = "$(BUILT_PRODUCTS_DIR)/CollectionViewPractice2.app/CollectionViewPractice2";
			};
			name = Release;
		};
		AB3767091C5D5EAE007C8D08 /* Debug */ = {
			isa = XCBuildConfiguration;
			buildSettings = {
				INFOPLIST_FILE = CollectionViewPractice2UITests/Info.plist;
				LD_RUNPATH_SEARCH_PATHS = "$(inherited) @executable_path/Frameworks @loader_path/Frameworks";
				PRODUCT_BUNDLE_IDENTIFIER = kerrytoonen.CollectionViewPractice2UITests;
				PRODUCT_NAME = "$(TARGET_NAME)";
				TEST_TARGET_NAME = CollectionViewPractice2;
				USES_XCTRUNNER = YES;
			};
			name = Debug;
		};
		AB37670A1C5D5EAE007C8D08 /* Release */ = {
			isa = XCBuildConfiguration;
			buildSettings = {
				INFOPLIST_FILE = CollectionViewPractice2UITests/Info.plist;
				LD_RUNPATH_SEARCH_PATHS = "$(inherited) @executable_path/Frameworks @loader_path/Frameworks";
				PRODUCT_BUNDLE_IDENTIFIER = kerrytoonen.CollectionViewPractice2UITests;
				PRODUCT_NAME = "$(TARGET_NAME)";
				TEST_TARGET_NAME = CollectionViewPractice2;
				USES_XCTRUNNER = YES;
			};
			name = Release;
		};
/* End XCBuildConfiguration section */

/* Begin XCConfigurationList section */
		AB3766D01C5D5EAE007C8D08 /* Build configuration list for PBXProject "CollectionViewPractice2" */ = {
			isa = XCConfigurationList;
			buildConfigurations = (
				AB3767001C5D5EAE007C8D08 /* Debug */,
				AB3767011C5D5EAE007C8D08 /* Release */,
			);
			defaultConfigurationIsVisible = 0;
			defaultConfigurationName = Release;
		};
		AB3767021C5D5EAE007C8D08 /* Build configuration list for PBXNativeTarget "CollectionViewPractice2" */ = {
			isa = XCConfigurationList;
			buildConfigurations = (
				AB3767031C5D5EAE007C8D08 /* Debug */,
				AB3767041C5D5EAE007C8D08 /* Release */,
			);
			defaultConfigurationIsVisible = 0;
			defaultConfigurationName = Release;
		};
		AB3767051C5D5EAE007C8D08 /* Build configuration list for PBXNativeTarget "CollectionViewPractice2Tests" */ = {
			isa = XCConfigurationList;
			buildConfigurations = (
				AB3767061C5D5EAE007C8D08 /* Debug */,
				AB3767071C5D5EAE007C8D08 /* Release */,
			);
			defaultConfigurationIsVisible = 0;
			defaultConfigurationName = Release;
		};
		AB3767081C5D5EAE007C8D08 /* Build configuration list for PBXNativeTarget "CollectionViewPractice2UITests" */ = {
			isa = XCConfigurationList;
			buildConfigurations = (
				AB3767091C5D5EAE007C8D08 /* Debug */,
				AB37670A1C5D5EAE007C8D08 /* Release */,
			);
			defaultConfigurationIsVisible = 0;
			defaultConfigurationName = Release;
		};
/* End XCConfigurationList section */
	};
	rootObject = AB3766CD1C5D5EAE007C8D08 /* Project object */;
}
